
Microsoft Visual Studio Solution File, Format Version 12.00
# Visual Studio Version 16
VisualStudioVersion = 16.0.29503.13
MinimumVisualStudioVersion = 10.0.40219.1
Project("{FAE04EC0-301F-11D3-BF4B-00C04F79EFBC}") = "Exchanger.Web", "Exchanger.Web\Exchanger.Web.csproj", "{653B77C9-778D-45B5-9953-A0B941693123}"
EndProject
Global
	GlobalSection(SolutionConfigurationPlatforms) = preSolution
		Debug|Any CPU = Debug|Any CPU
		Release|Any CPU = Release|Any CPU
	EndGlobalSection
	GlobalSection(ProjectConfigurationPlatforms) = postSolution
		{653B77C9-778D-45B5-9953-A0B941693123}.Debug|Any CPU.ActiveCfg = Debug|Any CPU
		{653B77C9-778D-45B5-9953-A0B941693123}.Debug|Any CPU.Build.0 = Debug|Any CPU
		{653B77C9-778D-45B5-9953-A0B941693123}.Release|Any CPU.ActiveCfg = Release|Any CPU
		{653B77C9-778D-45B5-9953-A0B941693123}.Release|Any CPU.Build.0 = Release|Any CPU
	EndGlobalSection
	GlobalSection(SolutionProperties) = preSolution
		HideSolutionNode = FALSE
	EndGlobalSection
	GlobalSection(ExtensibilityGlobals) = postSolution
		SolutionGuid = {F7563F30-5A56-4081-B947-C4649F30D848}
	EndGlobalSection
EndGlobal
